
Microsoft Visual Studio Solution File, Format Version 12.00
# Visual Studio Version 16
VisualStudioVersion = 16.0.31729.503
MinimumVisualStudioVersion = 10.0.40219.1
Project("{FAE04EC0-301F-11D3-BF4B-00C04F79EFBC}") = "Diconomel.Runtime", "Diconomel.Console\Diconomel.Runtime.csproj", "{093723FE-81FB-4D9F-8A10-C3B07335FB6C}"
EndProject
Global
	GlobalSection(SolutionConfigurationPlatforms) = preSolution
		Debug|Any CPU = Debug|Any CPU
		Release|Any CPU = Release|Any CPU
	EndGlobalSection
	GlobalSection(ProjectConfigurationPlatforms) = postSolution
		{093723FE-81FB-4D9F-8A10-C3B07335FB6C}.Debug|Any CPU.ActiveCfg = Debug|Any CPU
		{093723FE-81FB-4D9F-8A10-C3B07335FB6C}.Debug|Any CPU.Build.0 = Debug|Any CPU
		{093723FE-81FB-4D9F-8A10-C3B07335FB6C}.Release|Any CPU.ActiveCfg = Release|Any CPU
		{093723FE-81FB-4D9F-8A10-C3B07335FB6C}.Release|Any CPU.Build.0 = Release|Any CPU
	EndGlobalSection
	GlobalSection(SolutionProperties) = preSolution
		HideSolutionNode = FALSE
	EndGlobalSection
	GlobalSection(ExtensibilityGlobals) = postSolution
		SolutionGuid = {EEFA2002-C8DF-4BD1-B0D1-92F412BB5617}
	EndGlobalSection
EndGlobal
